// !$*UTF8*$!
{
	archiveVersion = 1;
	classes = {
	};
	objectVersion = 50;
	objects = {

/* Begin PBXBuildFile section */
		003D232E20C8315E00F61D32 /* main.c in Sources */ = {isa = PBXBuildFile; fileRef = 003D232D20C8315E00F61D32 /* main.c */; };
		003D233620C8318000F61D32 /* list.c in Sources */ = {isa = PBXBuildFile; fileRef = 003D233520C8318000F61D32 /* list.c */; };
		003D233920C831C400F61D32 /* zmalloc.c in Sources */ = {isa = PBXBuildFile; fileRef = 003D233820C831C400F61D32 /* zmalloc.c */; };
		003D233D20CD560300F61D32 /* dict.c in Sources */ = {isa = PBXBuildFile; fileRef = 003D233C20CD560300F61D32 /* dict.c */; };
/* End PBXBuildFile section */

/* Begin PBXCopyFilesBuildPhase section */
		003D232820C8315E00F61D32 /* CopyFiles */ = {
			isa = PBXCopyFilesBuildPhase;
			buildActionMask = 2147483647;
			dstPath = /usr/share/man/man1/;
			dstSubfolderSpec = 0;
			files = (
			);
			runOnlyForDeploymentPostprocessing = 1;
		};
/* End PBXCopyFilesBuildPhase section */

/* Begin PBXFileReference section */
		003D232A20C8315E00F61D32 /* myC */ = {isa = PBXFileReference; explicitFileType = "compiled.mach-o.executable"; includeInIndex = 0; path = myC; sourceTree = BUILT_PRODUCTS_DIR; };
		003D232D20C8315E00F61D32 /* main.c */ = {isa = PBXFileReference; lastKnownFileType = sourcecode.c.c; path = main.c; sourceTree = "<group>"; };
		003D233420C8318000F61D32 /* list.h */ = {isa = PBXFileReference; lastKnownFileType = sourcecode.c.h; path = list.h; sourceTree = "<group>"; };
		003D233520C8318000F61D32 /* list.c */ = {isa = PBXFileReference; lastKnownFileType = sourcecode.c.c; path = list.c; sourceTree = "<group>"; };
		003D233720C831C400F61D32 /* zmalloc.h */ = {isa = PBXFileReference; lastKnownFileType = sourcecode.c.h; path = zmalloc.h; sourceTree = "<group>"; };
		003D233820C831C400F61D32 /* zmalloc.c */ = {isa = PBXFileReference; lastKnownFileType = sourcecode.c.c; path = zmalloc.c; sourceTree = "<group>"; };
		003D233B20CD560300F61D32 /* dict.h */ = {isa = PBXFileReference; lastKnownFileType = sourcecode.c.h; path = dict.h; sourceTree = "<group>"; };
		003D233C20CD560300F61D32 /* dict.c */ = {isa = PBXFileReference; lastKnownFileType = sourcecode.c.c; path = dict.c; sourceTree = "<group>"; };
/* End PBXFileReference section */

/* Begin PBXFrameworksBuildPhase section */
		003D232720C8315E00F61D32 /* Frameworks */ = {
			isa = PBXFrameworksBuildPhase;
			buildActionMask = 2147483647;
			files = (
			);
			runOnlyForDeploymentPostprocessing = 0;
		};
/* End PBXFrameworksBuildPhase section */

/* Begin PBXGroup section */
		003D232120C8315E00F61D32 = {
			isa = PBXGroup;
			children = (
				003D232C20C8315E00F61D32 /* myC */,
				003D232B20C8315E00F61D32 /* Products */,
			);
			sourceTree = "<group>";
		};
		003D232B20C8315E00F61D32 /* Products */ = {
			isa = PBXGroup;
			children = (
				003D232A20C8315E00F61D32 /* myC */,
			);
			name = Products;
			sourceTree = "<group>";
		};
		003D232C20C8315E00F61D32 /* myC */ = {
			isa = PBXGroup;
			children = (
				003D232D20C8315E00F61D32 /* main.c */,
				003D233420C8318000F61D32 /* list.h */,
				003D233520C8318000F61D32 /* list.c */,
				003D233720C831C400F61D32 /* zmalloc.h */,
				003D233820C831C400F61D32 /* zmalloc.c */,
				003D233B20CD560300F61D32 /* dict.h */,
				003D233C20CD560300F61D32 /* dict.c */,
			);
			path = myC;
			sourceTree = "<group>";
		};
/* End PBXGroup section */

/* Begin PBXNativeTarget section */
		003D232920C8315E00F61D32 /* myC */ = {
			isa = PBXNativeTarget;
			buildConfigurationList = 003D233120C8315E00F61D32 /* Build configuration list for PBXNativeTarget "myC" */;
			buildPhases = (
				003D232620C8315E00F61D32 /* Sources */,
				003D232720C8315E00F61D32 /* Frameworks */,
				003D232820C8315E00F61D32 /* CopyFiles */,
			);
			buildRules = (
			);
			dependencies = (
			);
			name = myC;
			productName = myC;
			productReference = 003D232A20C8315E00F61D32 /* myC */;
			productType = "com.apple.product-type.tool";
		};
/* End PBXNativeTarget section */

/* Begin PBXProject section */
		003D232220C8315E00F61D32 /* Project object */ = {
			isa = PBXProject;
			attributes = {
				LastUpgradeCheck = 0940;
				ORGANIZATIONNAME = "尚立";
				TargetAttributes = {
					003D232920C8315E00F61D32 = {
						CreatedOnToolsVersion = 9.4;
					};
				};
			};
			buildConfigurationList = 003D232520C8315E00F61D32 /* Build configuration list for PBXProject "myC" */;
			compatibilityVersion = "Xcode 9.3";
			developmentRegion = en;
			hasScannedForEncodings = 0;
			knownRegions = (
				en,
			);
			mainGroup = 003D232120C8315E00F61D32;
			productRefGroup = 003D232B20C8315E00F61D32 /* Products */;
			projectDirPath = "";
			projectRoot = "";
			targets = (
				003D232920C8315E00F61D32 /* myC */,
			);
		};
/* End PBXProject section */

/* Begin PBXSourcesBuildPhase section */
		003D232620C8315E00F61D32 /* Sources */ = {
			isa = PBXSourcesBuildPhase;
			buildActionMask = 2147483647;
			files = (
				003D232E20C8315E00F61D32 /* main.c in Sources */,
				003D233920C831C400F61D32 /* zmalloc.c in Sources */,
				003D233620C8318000F61D32 /* list.c in Sources */,
				003D233D20CD560300F61D32 /* dict.c in Sources */,
			);
			runOnlyForDeploymentPostprocessing = 0;
		};
/* End PBXSourcesBuildPhase section */

/* Begin XCBuildConfiguration section */
		003D232F20C8315E00F61D32 /* Debug */ = {
			isa = XCBuildConfiguration;
			buildSettings = {
				ALWAYS_SEARCH_USER_PATHS = NO;
				CLANG_ANALYZER_NONNULL = YES;
				CLANG_ANALYZER_NUMBER_OBJECT_CONVERSION = YES_AGGRESSIVE;
				CLANG_CXX_LANGUAGE_STANDARD = "gnu++14";
				CLANG_CXX_LIBRARY = "libc++";
				CLANG_ENABLE_MODULES = YES;
				CLANG_ENABLE_OBJC_ARC = YES;
				CLANG_ENABLE_OBJC_WEAK = YES;
				CLANG_WARN_BLOCK_CAPTURE_AUTORELEASING = YES;
				CLANG_WARN_BOOL_CONVERSION = YES;
				CLANG_WARN_COMMA = YES;
				CLANG_WARN_CONSTANT_CONVERSION = YES;
				CLANG_WARN_DEPRECATED_OBJC_IMPLEMENTATIONS = YES;
				CLANG_WARN_DIRECT_OBJC_ISA_USAGE = YES_ERROR;
				CLANG_WARN_DOCUMENTATION_COMMENTS = YES;
				CLANG_WARN_EMPTY_BODY = YES;
				CLANG_WARN_ENUM_CONVERSION = YES;
				CLANG_WARN_INFINITE_RECURSION = YES;
				CLANG_WARN_INT_CONVERSION = YES;
				CLANG_WARN_NON_LITERAL_NULL_CONVERSION = YES;
				CLANG_WARN_OBJC_IMPLICIT_RETAIN_SELF = YES;
				CLANG_WARN_OBJC_LITERAL_CONVERSION = YES;
				CLANG_WARN_OBJC_ROOT_CLASS = YES_ERROR;
				CLANG_WARN_RANGE_LOOP_ANALYSIS = YES;
				CLANG_WARN_STRICT_PROTOTYPES = YES;
				CLANG_WARN_SUSPICIOUS_MOVE = YES;
				CLANG_WARN_UNGUARDED_AVAILABILITY = YES_AGGRESSIVE;
				CLANG_WARN_UNREACHABLE_CODE = YES;
				CLANG_WARN__DUPLICATE_METHOD_MATCH = YES;
				CODE_SIGN_IDENTITY = "-";
				COPY_PHASE_STRIP = NO;
				DEBUG_INFORMATION_FORMAT = dwarf;
				ENABLE_STRICT_OBJC_MSGSEND = YES;
				ENABLE_TESTABILITY = YES;
				GCC_C_LANGUAGE_STANDARD = gnu11;
				GCC_DYNAMIC_NO_PIC = NO;
				GCC_NO_COMMON_BLOCKS = YES;
				GCC_OPTIMIZATION_LEVEL = 0;
				GCC_PREPROCESSOR_DEFINITIONS = (
					"DEBUG=1",
					"$(inherited)",
				);
				GCC_WARN_64_TO_32_BIT_CONVERSION = YES;
				GCC_WARN_ABOUT_RETURN_TYPE = YES_ERROR;
				GCC_WARN_UNDECLARED_SELECTOR = YES;
				GCC_WARN_UNINITIALIZED_AUTOS = YES_AGGRESSIVE;
				GCC_WARN_UNUSED_FUNCTION = YES;
				GCC_WARN_UNUSED_VARIABLE = YES;
				MACOSX_DEPLOYMENT_TARGET = 10.13;
				MTL_ENABLE_DEBUG_INFO = YES;
				ONLY_ACTIVE_ARCH = YES;
				SDKROOT = macosx;
			};
			name = Debug;
		};
		003D233020C8315E00F61D32 /* Release */ = {
			isa = XCBuildConfiguration;
			buildSettings = {
				ALWAYS_SEARCH_USER_PATHS = NO;
				CLANG_ANALYZER_NONNULL = YES;
				CLANG_ANALYZER_NUMBER_OBJECT_CONVERSION = YES_AGGRESSIVE;
				CLANG_CXX_LANGUAGE_STANDARD = "gnu++14";
				CLANG_CXX_LIBRARY = "libc++";
				CLANG_ENABLE_MODULES = YES;
				CLANG_ENABLE_OBJC_ARC = YES;
				CLANG_ENABLE_OBJC_WEAK = YES;
				CLANG_WARN_BLOCK_CAPTURE_AUTORELEASING = YES;
				CLANG_WARN_BOOL_CONVERSION = YES;
				CLANG_WARN_COMMA = YES;
				CLANG_WARN_CONSTANT_CONVERSION = YES;
				CLANG_WARN_DEPRECATED_OBJC_IMPLEMENTATIONS = YES;
				CLANG_WARN_DIRECT_OBJC_ISA_USAGE = YES_ERROR;
				CLANG_WARN_DOCUMENTATION_COMMENTS = YES;
				CLANG_WARN_EMPTY_BODY = YES;
				CLANG_WARN_ENUM_CONVERSION = YES;
				CLANG_WARN_INFINITE_RECURSION = YES;
				CLANG_WARN_INT_CONVERSION = YES;
				CLANG_WARN_NON_LITERAL_NULL_CONVERSION = YES;
				CLANG_WARN_OBJC_IMPLICIT_RETAIN_SELF = YES;
				CLANG_WARN_OBJC_LITERAL_CONVERSION = YES;
				CLANG_WARN_OBJC_ROOT_CLASS = YES_ERROR;
				CLANG_WARN_RANGE_LOOP_ANALYSIS = YES;
				CLANG_WARN_STRICT_PROTOTYPES = YES;
				CLANG_WARN_SUSPICIOUS_MOVE = YES;
				CLANG_WARN_UNGUARDED_AVAILABILITY = YES_AGGRESSIVE;
				CLANG_WARN_UNREACHABLE_CODE = YES;
				CLANG_WARN__DUPLICATE_METHOD_MATCH = YES;
				CODE_SIGN_IDENTITY = "-";
				COPY_PHASE_STRIP = NO;
				DEBUG_INFORMATION_FORMAT = "dwarf-with-dsym";
				ENABLE_NS_ASSERTIONS = NO;
				ENABLE_STRICT_OBJC_MSGSEND = YES;
				GCC_C_LANGUAGE_STANDARD = gnu11;
				GCC_NO_COMMON_BLOCKS = YES;
				GCC_WARN_64_TO_32_BIT_CONVERSION = YES;
				GCC_WARN_ABOUT_RETURN_TYPE = YES_ERROR;
				GCC_WARN_UNDECLARED_SELECTOR = YES;
				GCC_WARN_UNINITIALIZED_AUTOS = YES_AGGRESSIVE;
				GCC_WARN_UNUSED_FUNCTION = YES;
				GCC_WARN_UNUSED_VARIABLE = YES;
				MACOSX_DEPLOYMENT_TARGET = 10.13;
				MTL_ENABLE_DEBUG_INFO = NO;
				SDKROOT = macosx;
			};
			name = Release;
		};
		003D233220C8315E00F61D32 /* Debug */ = {
			isa = XCBuildConfiguration;
			buildSettings = {
				CODE_SIGN_STYLE = Automatic;
				PRODUCT_NAME = "$(TARGET_NAME)";
			};
			name = Debug;
		};
		003D233320C8315E00F61D32 /* Release */ = {
			isa = XCBuildConfiguration;
			buildSettings = {
				CODE_SIGN_STYLE = Automatic;
				PRODUCT_NAME = "$(TARGET_NAME)";
			};
			name = Release;
		};
/* End XCBuildConfiguration section */

/* Begin XCConfigurationList section */
		003D232520C8315E00F61D32 /* Build configuration list for PBXProject "myC" */ = {
			isa = XCConfigurationList;
			buildConfigurations = (
				003D232F20C8315E00F61D32 /* Debug */,
				003D233020C8315E00F61D32 /* Release */,
			);
			defaultConfigurationIsVisible = 0;
			defaultConfigurationName = Release;
		};
		003D233120C8315E00F61D32 /* Build configuration list for PBXNativeTarget "myC" */ = {
			isa = XCConfigurationList;
			buildConfigurations = (
				003D233220C8315E00F61D32 /* Debug */,
				003D233320C8315E00F61D32 /* Release */,
			);
			defaultConfigurationIsVisible = 0;
			defaultConfigurationName = Release;
		};
/* End XCConfigurationList section */
	};
	rootObject = 003D232220C8315E00F61D32 /* Project object */;
}
